// !$*UTF8*$!
{
	archiveVersion = 1;
	classes = {
	};
	objectVersion = 46;
	objects = {

/* Begin PBXBuildFile section */
		143A8E401D86F2CB00C23089 /* main.cpp in Sources */ = {isa = PBXBuildFile; fileRef = 143A8E3F1D86F2CB00C23089 /* main.cpp */; };
/* End PBXBuildFile section */

/* Begin PBXCopyFilesBuildPhase section */
		143A8E3A1D86F2CB00C23089 /* CopyFiles */ = {
			isa = PBXCopyFilesBuildPhase;
			buildActionMask = 2147483647;
			dstPath = /usr/share/man/man1/;
			dstSubfolderSpec = 0;
			files = (
			);
			runOnlyForDeploymentPostprocessing = 1;
		};
/* End PBXCopyFilesBuildPhase section */

/* Begin PBXFileReference section */
		143A8E3C1D86F2CB00C23089 /* FactoryMethodPattern */ = {isa = PBXFileReference; explicitFileType = "compiled.mach-o.executable"; includeInIndex = 0; path = FactoryMethodPattern; sourceTree = BUILT_PRODUCTS_DIR; };
		143A8E3F1D86F2CB00C23089 /* main.cpp */ = {isa = PBXFileReference; lastKnownFileType = sourcecode.cpp.cpp; path = main.cpp; sourceTree = "<group>"; };
		144E29601D8777FB0047E372 /* AbstractCreator.hpp */ = {isa = PBXFileReference; fileEncoding = 4; lastKnownFileType = sourcecode.cpp.h; path = AbstractCreator.hpp; sourceTree = "<group>"; };
		144E29631D8778090047E372 /* AbstractProduct.hpp */ = {isa = PBXFileReference; fileEncoding = 4; lastKnownFileType = sourcecode.cpp.h; path = AbstractProduct.hpp; sourceTree = "<group>"; };
		144E29661D8778180047E372 /* ConcreteCreator.hpp */ = {isa = PBXFileReference; fileEncoding = 4; lastKnownFileType = sourcecode.cpp.h; path = ConcreteCreator.hpp; sourceTree = "<group>"; };
		144E29691D8778240047E372 /* ConcreteProduct.hpp */ = {isa = PBXFileReference; fileEncoding = 4; lastKnownFileType = sourcecode.cpp.h; path = ConcreteProduct.hpp; sourceTree = "<group>"; };
/* End PBXFileReference section */

/* Begin PBXFrameworksBuildPhase section */
		143A8E391D86F2CB00C23089 /* Frameworks */ = {
			isa = PBXFrameworksBuildPhase;
			buildActionMask = 2147483647;
			files = (
			);
			runOnlyForDeploymentPostprocessing = 0;
		};
/* End PBXFrameworksBuildPhase section */

/* Begin PBXGroup section */
		143A8E331D86F2CB00C23089 = {
			isa = PBXGroup;
			children = (
				143A8E3E1D86F2CB00C23089 /* FactoryMethodPattern */,
				143A8E3D1D86F2CB00C23089 /* Products */,
			);
			sourceTree = "<group>";
		};
		143A8E3D1D86F2CB00C23089 /* Products */ = {
			isa = PBXGroup;
			children = (
				143A8E3C1D86F2CB00C23089 /* FactoryMethodPattern */,
			);
			name = Products;
			sourceTree = "<group>";
		};
		143A8E3E1D86F2CB00C23089 /* FactoryMethodPattern */ = {
			isa = PBXGroup;
			children = (
				143A8E3F1D86F2CB00C23089 /* main.cpp */,
				144E29601D8777FB0047E372 /* AbstractCreator.hpp */,
				144E29631D8778090047E372 /* AbstractProduct.hpp */,
				144E29661D8778180047E372 /* ConcreteCreator.hpp */,
				144E29691D8778240047E372 /* ConcreteProduct.hpp */,
			);
			path = FactoryMethodPattern;
			sourceTree = "<group>";
		};
/* End PBXGroup section */

/* Begin PBXNativeTarget section */
		143A8E3B1D86F2CB00C23089 /* FactoryMethodPattern */ = {
			isa = PBXNativeTarget;
			buildConfigurationList = 143A8E431D86F2CB00C23089 /* Build configuration list for PBXNativeTarget "FactoryMethodPattern" */;
			buildPhases = (
				143A8E381D86F2CB00C23089 /* Sources */,
				143A8E391D86F2CB00C23089 /* Frameworks */,
				143A8E3A1D86F2CB00C23089 /* CopyFiles */,
			);
			buildRules = (
			);
			dependencies = (
			);
			name = FactoryMethodPattern;
			productName = FactoryMethodPattern;
			productReference = 143A8E3C1D86F2CB00C23089 /* FactoryMethodPattern */;
			productType = "com.apple.product-type.tool";
		};
/* End PBXNativeTarget section */

/* Begin PBXProject section */
		143A8E341D86F2CB00C23089 /* Project object */ = {
			isa = PBXProject;
			attributes = {
				LastUpgradeCheck = 0730;
				ORGANIZATIONNAME = takecx;
				TargetAttributes = {
					143A8E3B1D86F2CB00C23089 = {
						CreatedOnToolsVersion = 7.3;
					};
				};
			};
			buildConfigurationList = 143A8E371D86F2CB00C23089 /* Build configuration list for PBXProject "FactoryMethodPattern" */;
			compatibilityVersion = "Xcode 3.2";
			developmentRegion = English;
			hasScannedForEncodings = 0;
			knownRegions = (
				en,
			);
			mainGroup = 143A8E331D86F2CB00C23089;
			productRefGroup = 143A8E3D1D86F2CB00C23089 /* Products */;
			projectDirPath = "";
			projectRoot = "";
			targets = (
				143A8E3B1D86F2CB00C23089 /* FactoryMethodPattern */,
			);
		};
/* End PBXProject section */

/* Begin PBXSourcesBuildPhase section */
		143A8E381D86F2CB00C23089 /* Sources */ = {
			isa = PBXSourcesBuildPhase;
			buildActionMask = 2147483647;
			files = (
				143A8E401D86F2CB00C23089 /* main.cpp in Sources */,
			);
			runOnlyForDeploymentPostprocessing = 0;
		};
/* End PBXSourcesBuildPhase section */

/* Begin XCBuildConfiguration section */
		143A8E411D86F2CB00C23089 /* Debug */ = {
			isa = XCBuildConfiguration;
			buildSettings = {
				ALWAYS_SEARCH_USER_PATHS = NO;
				CLANG_ANALYZER_NONNULL = YES;
				CLANG_CXX_LANGUAGE_STANDARD = "gnu++0x";
				CLANG_CXX_LIBRARY = "libc++";
				CLANG_ENABLE_MODULES = YES;
				CLANG_ENABLE_OBJC_ARC = YES;
				CLANG_WARN_BOOL_CONVERSION = YES;
				CLANG_WARN_CONSTANT_CONVERSION = YES;
				CLANG_WARN_DIRECT_OBJC_ISA_USAGE = YES_ERROR;
				CLANG_WARN_EMPTY_BODY = YES;
				CLANG_WARN_ENUM_CONVERSION = YES;
				CLANG_WARN_INT_CONVERSION = YES;
				CLANG_WARN_OBJC_ROOT_CLASS = YES_ERROR;
				CLANG_WARN_UNREACHABLE_CODE = YES;
				CLANG_WARN__DUPLICATE_METHOD_MATCH = YES;
				CODE_SIGN_IDENTITY = "-";
				COPY_PHASE_STRIP = NO;
				DEBUG_INFORMATION_FORMAT = dwarf;
				ENABLE_STRICT_OBJC_MSGSEND = YES;
				ENABLE_TESTABILITY = YES;
				GCC_C_LANGUAGE_STANDARD = gnu99;
				GCC_DYNAMIC_NO_PIC = NO;
				GCC_NO_COMMON_BLOCKS = YES;
				GCC_OPTIMIZATION_LEVEL = 0;
				GCC_PREPROCESSOR_DEFINITIONS = (
					"DEBUG=1",
					"$(inherited)",
				);
				GCC_WARN_64_TO_32_BIT_CONVERSION = YES;
				GCC_WARN_ABOUT_RETURN_TYPE = YES_ERROR;
				GCC_WARN_UNDECLARED_SELECTOR = YES;
				GCC_WARN_UNINITIALIZED_AUTOS = YES_AGGRESSIVE;
				GCC_WARN_UNUSED_FUNCTION = YES;
				GCC_WARN_UNUSED_VARIABLE = YES;
				MACOSX_DEPLOYMENT_TARGET = 10.11;
				MTL_ENABLE_DEBUG_INFO = YES;
				ONLY_ACTIVE_ARCH = YES;
				SDKROOT = macosx;
			};
			name = Debug;
		};
		143A8E421D86F2CB00C23089 /* Release */ = {
			isa = XCBuildConfiguration;
			buildSettings = {
				ALWAYS_SEARCH_USER_PATHS = NO;
				CLANG_ANALYZER_NONNULL = YES;
				CLANG_CXX_LANGUAGE_STANDARD = "gnu++0x";
				CLANG_CXX_LIBRARY = "libc++";
				CLANG_ENABLE_MODULES = YES;
				CLANG_ENABLE_OBJC_ARC = YES;
				CLANG_WARN_BOOL_CONVERSION = YES;
				CLANG_WARN_CONSTANT_CONVERSION = YES;
				CLANG_WARN_DIRECT_OBJC_ISA_USAGE = YES_ERROR;
				CLANG_WARN_EMPTY_BODY = YES;
				CLANG_WARN_ENUM_CONVERSION = YES;
				CLANG_WARN_INT_CONVERSION = YES;
				CLANG_WARN_OBJC_ROOT_CLASS = YES_ERROR;
				CLANG_WARN_UNREACHABLE_CODE = YES;
				CLANG_WARN__DUPLICATE_METHOD_MATCH = YES;
				CODE_SIGN_IDENTITY = "-";
				COPY_PHASE_STRIP = NO;
				DEBUG_INFORMATION_FORMAT = "dwarf-with-dsym";
				ENABLE_NS_ASSERTIONS = NO;
				ENABLE_STRICT_OBJC_MSGSEND = YES;
				GCC_C_LANGUAGE_STANDARD = gnu99;
				GCC_NO_COMMON_BLOCKS = YES;
				GCC_WARN_64_TO_32_BIT_CONVERSION = YES;
				GCC_WARN_ABOUT_RETURN_TYPE = YES_ERROR;
				GCC_WARN_UNDECLARED_SELECTOR = YES;
				GCC_WARN_UNINITIALIZED_AUTOS = YES_AGGRESSIVE;
				GCC_WARN_UNUSED_FUNCTION = YES;
				GCC_WARN_UNUSED_VARIABLE = YES;
				MACOSX_DEPLOYMENT_TARGET = 10.11;
				MTL_ENABLE_DEBUG_INFO = NO;
				SDKROOT = macosx;
			};
			name = Release;
		};
		143A8E441D86F2CB00C23089 /* Debug */ = {
			isa = XCBuildConfiguration;
			buildSettings = {
				PRODUCT_NAME = "$(TARGET_NAME)";
			};
			name = Debug;
		};
		143A8E451D86F2CB00C23089 /* Release */ = {
			isa = XCBuildConfiguration;
			buildSettings = {
				PRODUCT_NAME = "$(TARGET_NAME)";
			};
			name = Release;
		};
/* End XCBuildConfiguration section */

/* Begin XCConfigurationList section */
		143A8E371D86F2CB00C23089 /* Build configuration list for PBXProject "FactoryMethodPattern" */ = {
			isa = XCConfigurationList;
			buildConfigurations = (
				143A8E411D86F2CB00C23089 /* Debug */,
				143A8E421D86F2CB00C23089 /* Release */,
			);
			defaultConfigurationIsVisible = 0;
			defaultConfigurationName = Release;
		};
		143A8E431D86F2CB00C23089 /* Build configuration list for PBXNativeTarget "FactoryMethodPattern" */ = {
			isa = XCConfigurationList;
			buildConfigurations = (
				143A8E441D86F2CB00C23089 /* Debug */,
				143A8E451D86F2CB00C23089 /* Release */,
			);
			defaultConfigurationIsVisible = 0;
			defaultConfigurationName = Release;
		};
/* End XCConfigurationList section */
	};
	rootObject = 143A8E341D86F2CB00C23089 /* Project object */;
}
